# THIS IS AN AUTOGENERATED FILE. DO NOT EDIT THIS FILE DIRECTLY.
# yarn lockfile v1


"@babel/runtime@^7.1.2":
  version "7.1.2"
  resolved "https://registry.yarnpkg.com/@babel/runtime/-/runtime-7.1.2.tgz#81c89935f4647706fc54541145e6b4ecfef4b8e3"
  dependencies:
    regenerator-runtime "^0.12.0"

react-spring@^6.1.6:
  version "6.1.6"
  resolved "https://registry.yarnpkg.com/react-spring/-/react-spring-6.1.6.tgz#032671c051c0ec90408fcb8c8e7dc7934dd2e7fc"
  dependencies:
    "@babel/runtime" "^7.1.2"

regenerator-runtime@^0.12.0:
  version "0.12.1"
  resolved "https://registry.yarnpkg.com/regenerator-runtime/-/regenerator-runtime-0.12.1.tgz#fa1a71544764c036f8c49b13a08b2594c9f8a0de"
